
Microsoft Visual Studio Solution File, Format Version 12.00
# Visual Studio Version 16
VisualStudioVersion = 16.0.29215.179
MinimumVisualStudioVersion = 10.0.40219.1
Project("{9A19103F-16F7-4668-BE54-9A1E7A4F7556}") = "MvvmLib", "MvvmLib\MvvmLib.csproj", "{8D1C0703-A7F6-4915-8B20-EEB192DF0311}"
EndProject
Project("{9A19103F-16F7-4668-BE54-9A1E7A4F7556}") = "MvvmLib.MvvmLight", "MvvmLib.MvvmLight\MvvmLib.MvvmLight.csproj", "{F6FB4C29-A3AF-45B3-BC59-87A24252C566}"
EndProject
Project("{9A19103F-16F7-4668-BE54-9A1E7A4F7556}") = "MvvmLib.Core", "MvvmLib.Core\MvvmLib.Core.csproj", "{D70B6F09-5D89-43D4-AA07-5DEAF9C5AA7A}"
EndProject
Project("{2150E333-8FDC-42A3-9474-1A3956D46DE8}") = "Solution Items", "Solution Items", "{72F2DC16-A654-401D-B268-7E1EC4169727}"
	ProjectSection(SolutionItems) = preProject
		Directory.Build.props = Directory.Build.props
		Directory.Build.targets = Directory.Build.targets
	EndProjectSection
EndProject
Project("{9A19103F-16F7-4668-BE54-9A1E7A4F7556}") = "MvvmLib.Tests", "MvvmLib.Tests\MvvmLib.Tests.csproj", "{404A4C59-1733-422C-9847-4DF8257176B4}"
EndProject
Project("{9A19103F-16F7-4668-BE54-9A1E7A4F7556}") = "MvvmLib.MvvmLight.Tests", "MvvmLib.MvvmLight.Tests\MvvmLib.MvvmLight.Tests.csproj", "{A650AE21-B3B6-47A1-8FEA-42EFE5CB35EC}"
EndProject
Project("{FAE04EC0-301F-11D3-BF4B-00C04F79EFBC}") = "MvvmLib.Ioc", "MvvmLib.Ioc\MvvmLib.Ioc.csproj", "{AF0D78FE-B642-4F74-83B6-923508C7CD94}"
EndProject
Global
	GlobalSection(SolutionConfigurationPlatforms) = preSolution
		Debug|Any CPU = Debug|Any CPU
		Release|Any CPU = Release|Any CPU
	EndGlobalSection
	GlobalSection(ProjectConfigurationPlatforms) = postSolution
		{8D1C0703-A7F6-4915-8B20-EEB192DF0311}.Debug|Any CPU.ActiveCfg = Debug|Any CPU
		{8D1C0703-A7F6-4915-8B20-EEB192DF0311}.Debug|Any CPU.Build.0 = Debug|Any CPU
		{8D1C0703-A7F6-4915-8B20-EEB192DF0311}.Release|Any CPU.ActiveCfg = Release|Any CPU
		{8D1C0703-A7F6-4915-8B20-EEB192DF0311}.Release|Any CPU.Build.0 = Release|Any CPU
		{F6FB4C29-A3AF-45B3-BC59-87A24252C566}.Debug|Any CPU.ActiveCfg = Debug|Any CPU
		{F6FB4C29-A3AF-45B3-BC59-87A24252C566}.Debug|Any CPU.Build.0 = Debug|Any CPU
		{F6FB4C29-A3AF-45B3-BC59-87A24252C566}.Release|Any CPU.ActiveCfg = Release|Any CPU
		{F6FB4C29-A3AF-45B3-BC59-87A24252C566}.Release|Any CPU.Build.0 = Release|Any CPU
		{D70B6F09-5D89-43D4-AA07-5DEAF9C5AA7A}.Debug|Any CPU.ActiveCfg = Debug|Any CPU
		{D70B6F09-5D89-43D4-AA07-5DEAF9C5AA7A}.Debug|Any CPU.Build.0 = Debug|Any CPU
		{D70B6F09-5D89-43D4-AA07-5DEAF9C5AA7A}.Release|Any CPU.ActiveCfg = Release|Any CPU
		{D70B6F09-5D89-43D4-AA07-5DEAF9C5AA7A}.Release|Any CPU.Build.0 = Release|Any CPU
		{404A4C59-1733-422C-9847-4DF8257176B4}.Debug|Any CPU.ActiveCfg = Debug|Any CPU
		{404A4C59-1733-422C-9847-4DF8257176B4}.Debug|Any CPU.Build.0 = Debug|Any CPU
		{404A4C59-1733-422C-9847-4DF8257176B4}.Release|Any CPU.ActiveCfg = Release|Any CPU
		{404A4C59-1733-422C-9847-4DF8257176B4}.Release|Any CPU.Build.0 = Release|Any CPU
		{A650AE21-B3B6-47A1-8FEA-42EFE5CB35EC}.Debug|Any CPU.ActiveCfg = Debug|Any CPU
		{A650AE21-B3B6-47A1-8FEA-42EFE5CB35EC}.Debug|Any CPU.Build.0 = Debug|Any CPU
		{A650AE21-B3B6-47A1-8FEA-42EFE5CB35EC}.Release|Any CPU.ActiveCfg = Release|Any CPU
		{A650AE21-B3B6-47A1-8FEA-42EFE5CB35EC}.Release|Any CPU.Build.0 = Release|Any CPU
		{AF0D78FE-B642-4F74-83B6-923508C7CD94}.Debug|Any CPU.ActiveCfg = Debug|Any CPU
		{AF0D78FE-B642-4F74-83B6-923508C7CD94}.Debug|Any CPU.Build.0 = Debug|Any CPU
		{AF0D78FE-B642-4F74-83B6-923508C7CD94}.Release|Any CPU.ActiveCfg = Release|Any CPU
		{AF0D78FE-B642-4F74-83B6-923508C7CD94}.Release|Any CPU.Build.0 = Release|Any CPU
	EndGlobalSection
	GlobalSection(SolutionProperties) = preSolution
		HideSolutionNode = FALSE
	EndGlobalSection
	GlobalSection(ExtensibilityGlobals) = postSolution
		SolutionGuid = {9082B378-64D5-4018-B6A0-1A3647102938}
	EndGlobalSection
EndGlobal
